
Microsoft Visual Studio Solution File, Format Version 12.00
# Visual Studio 15
VisualStudioVersion = 15.0.26730.12
MinimumVisualStudioVersion = 10.0.40219.1
Project("{FAE04EC0-301F-11D3-BF4B-00C04F79EFBC}") = "ConsoleAppFiets", "ConsoleAppFiets\ConsoleAppFiets.csproj", "{85AAB4D6-0A12-4EEA-949E-EE443C79ABB8}"
EndProject
Global
	GlobalSection(SolutionConfigurationPlatforms) = preSolution
		Debug|Any CPU = Debug|Any CPU
		Release|Any CPU = Release|Any CPU
	EndGlobalSection
	GlobalSection(ProjectConfigurationPlatforms) = postSolution
		{85AAB4D6-0A12-4EEA-949E-EE443C79ABB8}.Debug|Any CPU.ActiveCfg = Debug|Any CPU
		{85AAB4D6-0A12-4EEA-949E-EE443C79ABB8}.Debug|Any CPU.Build.0 = Debug|Any CPU
		{85AAB4D6-0A12-4EEA-949E-EE443C79ABB8}.Release|Any CPU.ActiveCfg = Release|Any CPU
		{85AAB4D6-0A12-4EEA-949E-EE443C79ABB8}.Release|Any CPU.Build.0 = Release|Any CPU
	EndGlobalSection
	GlobalSection(SolutionProperties) = preSolution
		HideSolutionNode = FALSE
	EndGlobalSection
	GlobalSection(ExtensibilityGlobals) = postSolution
		SolutionGuid = {141CE061-118C-478B-A718-DBA9F2BC84BE}
	EndGlobalSection
EndGlobal
